
Microsoft Visual Studio Solution File, Format Version 12.00
# Visual Studio Version 17
VisualStudioVersion = 17.0.32014.148
MinimumVisualStudioVersion = 10.0.40219.1
Project("{9A19103F-16F7-4668-BE54-9A1E7A4F7556}") = "Test.Csle", "Test.Csle\Test.Csle.csproj", "{785BA7FF-6D66-46CC-AFF5-1C50F3C4FD9A}"
EndProject
Project("{9A19103F-16F7-4668-BE54-9A1E7A4F7556}") = "Ark.oAuth.Oidc", "Ark.oAuth.Oidc\Ark.oAuth.Oidc.csproj", "{DB98E623-29C4-4B25-AA4D-BECA8C1D0477}"
EndProject
Project("{9A19103F-16F7-4668-BE54-9A1E7A4F7556}") = "Ark.oAuth.Oidc.Web", "Ark.oAuth.Oidc.Web\Ark.oAuth.Oidc.Web.csproj", "{83729189-BD73-4603-8DFD-93EDF3656D03}"
EndProject
Project("{2150E333-8FDC-42A3-9474-1A3956D46DE8}") = "Solution Items", "Solution Items", "{7CC1C75B-B414-4E68-B2D9-C3ED5A1A6B06}"
	ProjectSection(SolutionItems) = preProject
		Ark.oAuth.Oidc\Ark.oAuth.Oidc.nuspec = Ark.oAuth.Oidc\Ark.oAuth.Oidc.nuspec
		..\custom-pkce-flow.md = ..\custom-pkce-flow.md
		key_points.txt = key_points.txt
		nuget.config = nuget.config
		..\README.md = ..\README.md
	EndProjectSection
EndProject
Project("{FAE04EC0-301F-11D3-BF4B-00C04F79EFBC}") = "Ark.oAuth.Client", "Ark.oAuth.Client\Ark.oAuth.Client.csproj", "{5CB2A48F-101D-4C21-A206-A2E122BC4574}"
EndProject
Global
	GlobalSection(SolutionConfigurationPlatforms) = preSolution
		Debug|Any CPU = Debug|Any CPU
		Release|Any CPU = Release|Any CPU
	EndGlobalSection
	GlobalSection(ProjectConfigurationPlatforms) = postSolution
		{785BA7FF-6D66-46CC-AFF5-1C50F3C4FD9A}.Debug|Any CPU.ActiveCfg = Debug|Any CPU
		{785BA7FF-6D66-46CC-AFF5-1C50F3C4FD9A}.Debug|Any CPU.Build.0 = Debug|Any CPU
		{785BA7FF-6D66-46CC-AFF5-1C50F3C4FD9A}.Release|Any CPU.ActiveCfg = Release|Any CPU
		{785BA7FF-6D66-46CC-AFF5-1C50F3C4FD9A}.Release|Any CPU.Build.0 = Release|Any CPU
		{DB98E623-29C4-4B25-AA4D-BECA8C1D0477}.Debug|Any CPU.ActiveCfg = Debug|Any CPU
		{DB98E623-29C4-4B25-AA4D-BECA8C1D0477}.Debug|Any CPU.Build.0 = Debug|Any CPU
		{DB98E623-29C4-4B25-AA4D-BECA8C1D0477}.Release|Any CPU.ActiveCfg = Release|Any CPU
		{DB98E623-29C4-4B25-AA4D-BECA8C1D0477}.Release|Any CPU.Build.0 = Release|Any CPU
		{83729189-BD73-4603-8DFD-93EDF3656D03}.Debug|Any CPU.ActiveCfg = Debug|Any CPU
		{83729189-BD73-4603-8DFD-93EDF3656D03}.Debug|Any CPU.Build.0 = Debug|Any CPU
		{83729189-BD73-4603-8DFD-93EDF3656D03}.Release|Any CPU.ActiveCfg = Release|Any CPU
		{83729189-BD73-4603-8DFD-93EDF3656D03}.Release|Any CPU.Build.0 = Release|Any CPU
		{5CB2A48F-101D-4C21-A206-A2E122BC4574}.Debug|Any CPU.ActiveCfg = Debug|Any CPU
		{5CB2A48F-101D-4C21-A206-A2E122BC4574}.Debug|Any CPU.Build.0 = Debug|Any CPU
		{5CB2A48F-101D-4C21-A206-A2E122BC4574}.Release|Any CPU.ActiveCfg = Release|Any CPU
		{5CB2A48F-101D-4C21-A206-A2E122BC4574}.Release|Any CPU.Build.0 = Release|Any CPU
	EndGlobalSection
	GlobalSection(SolutionProperties) = preSolution
		HideSolutionNode = FALSE
	EndGlobalSection
	GlobalSection(ExtensibilityGlobals) = postSolution
		SolutionGuid = {3B130799-DF5C-445D-8978-13B681398177}
	EndGlobalSection
EndGlobal
